// !$*UTF8*$!
{
	archiveVersion = 1;
	classes = {
	};
	objectVersion = 50;
	objects = {

/* Begin PBXBuildFile section */
		E9C973FF23466B8E00E08F43 /* AppDelegate.swift in Sources */ = {isa = PBXBuildFile; fileRef = E9C973FE23466B8E00E08F43 /* AppDelegate.swift */; };
		E9C9740123466B8E00E08F43 /* ViewController.swift in Sources */ = {isa = PBXBuildFile; fileRef = E9C9740023466B8E00E08F43 /* ViewController.swift */; };
		E9C9740423466B8E00E08F43 /* Main.storyboard in Resources */ = {isa = PBXBuildFile; fileRef = E9C9740223466B8E00E08F43 /* Main.storyboard */; };
		E9C9740623466B8F00E08F43 /* Assets.xcassets in Resources */ = {isa = PBXBuildFile; fileRef = E9C9740523466B8F00E08F43 /* Assets.xcassets */; };
		E9C9740923466B8F00E08F43 /* LaunchScreen.storyboard in Resources */ = {isa = PBXBuildFile; fileRef = E9C9740723466B8F00E08F43 /* LaunchScreen.storyboard */; };
		E9C9741423466B8F00E08F43 /* FavoriteBooksTests.swift in Sources */ = {isa = PBXBuildFile; fileRef = E9C9741323466B8F00E08F43 /* FavoriteBooksTests.swift */; };
		E9C9741F23466B8F00E08F43 /* FavoriteBooksUITests.swift in Sources */ = {isa = PBXBuildFile; fileRef = E9C9741E23466B8F00E08F43 /* FavoriteBooksUITests.swift */; };
		E9C9742D23466DDC00E08F43 /* PokemonCatch.swift in Sources */ = {isa = PBXBuildFile; fileRef = E9C9742C23466DDC00E08F43 /* PokemonCatch.swift */; };
		E9C9742F2346754400E08F43 /* Favorite.swift in Sources */ = {isa = PBXBuildFile; fileRef = E9C9742E2346754400E08F43 /* Favorite.swift */; };
/* End PBXBuildFile section */

/* Begin PBXContainerItemProxy section */
		E9C9741023466B8F00E08F43 /* PBXContainerItemProxy */ = {
			isa = PBXContainerItemProxy;
			containerPortal = E9C973F323466B8E00E08F43 /* Project object */;
			proxyType = 1;
			remoteGlobalIDString = E9C973FA23466B8E00E08F43;
			remoteInfo = FavoriteBooks;
		};
		E9C9741B23466B8F00E08F43 /* PBXContainerItemProxy */ = {
			isa = PBXContainerItemProxy;
			containerPortal = E9C973F323466B8E00E08F43 /* Project object */;
			proxyType = 1;
			remoteGlobalIDString = E9C973FA23466B8E00E08F43;
			remoteInfo = FavoriteBooks;
		};
/* End PBXContainerItemProxy section */

/* Begin PBXFileReference section */
		E9C973FB23466B8E00E08F43 /* FavoritePokemon.app */ = {isa = PBXFileReference; explicitFileType = wrapper.application; includeInIndex = 0; path = FavoritePokemon.app; sourceTree = BUILT_PRODUCTS_DIR; };
		E9C973FE23466B8E00E08F43 /* AppDelegate.swift */ = {isa = PBXFileReference; lastKnownFileType = sourcecode.swift; path = AppDelegate.swift; sourceTree = "<group>"; };
		E9C9740023466B8E00E08F43 /* ViewController.swift */ = {isa = PBXFileReference; lastKnownFileType = sourcecode.swift; path = ViewController.swift; sourceTree = "<group>"; };
		E9C9740323466B8E00E08F43 /* Base */ = {isa = PBXFileReference; lastKnownFileType = file.storyboard; name = Base; path = Base.lproj/Main.storyboard; sourceTree = "<group>"; };
		E9C9740523466B8F00E08F43 /* Assets.xcassets */ = {isa = PBXFileReference; lastKnownFileType = folder.assetcatalog; path = Assets.xcassets; sourceTree = "<group>"; };
		E9C9740823466B8F00E08F43 /* Base */ = {isa = PBXFileReference; lastKnownFileType = file.storyboard; name = Base; path = Base.lproj/LaunchScreen.storyboard; sourceTree = "<group>"; };
		E9C9740A23466B8F00E08F43 /* Info.plist */ = {isa = PBXFileReference; lastKnownFileType = text.plist.xml; path = Info.plist; sourceTree = "<group>"; };
		E9C9740F23466B8F00E08F43 /* FavoritePokemonTests.xctest */ = {isa = PBXFileReference; explicitFileType = wrapper.cfbundle; includeInIndex = 0; path = FavoritePokemonTests.xctest; sourceTree = BUILT_PRODUCTS_DIR; };
		E9C9741323466B8F00E08F43 /* FavoriteBooksTests.swift */ = {isa = PBXFileReference; lastKnownFileType = sourcecode.swift; path = FavoriteBooksTests.swift; sourceTree = "<group>"; };
		E9C9741523466B8F00E08F43 /* Info.plist */ = {isa = PBXFileReference; lastKnownFileType = text.plist.xml; path = Info.plist; sourceTree = "<group>"; };
		E9C9741A23466B8F00E08F43 /* FavoritePokemonUITests.xctest */ = {isa = PBXFileReference; explicitFileType = wrapper.cfbundle; includeInIndex = 0; path = FavoritePokemonUITests.xctest; sourceTree = BUILT_PRODUCTS_DIR; };
		E9C9741E23466B8F00E08F43 /* FavoriteBooksUITests.swift */ = {isa = PBXFileReference; lastKnownFileType = sourcecode.swift; path = FavoriteBooksUITests.swift; sourceTree = "<group>"; };
		E9C9742023466B8F00E08F43 /* Info.plist */ = {isa = PBXFileReference; lastKnownFileType = text.plist.xml; path = Info.plist; sourceTree = "<group>"; };
		E9C9742C23466DDC00E08F43 /* PokemonCatch.swift */ = {isa = PBXFileReference; lastKnownFileType = sourcecode.swift; path = PokemonCatch.swift; sourceTree = "<group>"; };
		E9C9742E2346754400E08F43 /* Favorite.swift */ = {isa = PBXFileReference; lastKnownFileType = sourcecode.swift; path = Favorite.swift; sourceTree = "<group>"; };
/* End PBXFileReference section */

/* Begin PBXFrameworksBuildPhase section */
		E9C973F823466B8E00E08F43 /* Frameworks */ = {
			isa = PBXFrameworksBuildPhase;
			buildActionMask = 2147483647;
			files = (
			);
			runOnlyForDeploymentPostprocessing = 0;
		};
		E9C9740C23466B8F00E08F43 /* Frameworks */ = {
			isa = PBXFrameworksBuildPhase;
			buildActionMask = 2147483647;
			files = (
			);
			runOnlyForDeploymentPostprocessing = 0;
		};
		E9C9741723466B8F00E08F43 /* Frameworks */ = {
			isa = PBXFrameworksBuildPhase;
			buildActionMask = 2147483647;
			files = (
			);
			runOnlyForDeploymentPostprocessing = 0;
		};
/* End PBXFrameworksBuildPhase section */

/* Begin PBXGroup section */
		E9C973F223466B8E00E08F43 = {
			isa = PBXGroup;
			children = (
				E9C973FD23466B8E00E08F43 /* FavoriteBooks */,
				E9C9741223466B8F00E08F43 /* FavoriteBooksTests */,
				E9C9741D23466B8F00E08F43 /* FavoriteBooksUITests */,
				E9C973FC23466B8E00E08F43 /* Products */,
			);
			sourceTree = "<group>";
		};
		E9C973FC23466B8E00E08F43 /* Products */ = {
			isa = PBXGroup;
			children = (
				E9C973FB23466B8E00E08F43 /* FavoritePokemon.app */,
				E9C9740F23466B8F00E08F43 /* FavoritePokemonTests.xctest */,
				E9C9741A23466B8F00E08F43 /* FavoritePokemonUITests.xctest */,
			);
			name = Products;
			sourceTree = "<group>";
		};
		E9C973FD23466B8E00E08F43 /* FavoriteBooks */ = {
			isa = PBXGroup;
			children = (
				E9C973FE23466B8E00E08F43 /* AppDelegate.swift */,
				E9C9740023466B8E00E08F43 /* ViewController.swift */,
				E9C9740223466B8E00E08F43 /* Main.storyboard */,
				E9C9742C23466DDC00E08F43 /* PokemonCatch.swift */,
				E9C9742E2346754400E08F43 /* Favorite.swift */,
				E9C9740523466B8F00E08F43 /* Assets.xcassets */,
				E9C9740723466B8F00E08F43 /* LaunchScreen.storyboard */,
				E9C9740A23466B8F00E08F43 /* Info.plist */,
			);
			path = FavoriteBooks;
			sourceTree = "<group>";
		};
		E9C9741223466B8F00E08F43 /* FavoriteBooksTests */ = {
			isa = PBXGroup;
			children = (
				E9C9741323466B8F00E08F43 /* FavoriteBooksTests.swift */,
				E9C9741523466B8F00E08F43 /* Info.plist */,
			);
			path = FavoriteBooksTests;
			sourceTree = "<group>";
		};
		E9C9741D23466B8F00E08F43 /* FavoriteBooksUITests */ = {
			isa = PBXGroup;
			children = (
				E9C9741E23466B8F00E08F43 /* FavoriteBooksUITests.swift */,
				E9C9742023466B8F00E08F43 /* Info.plist */,
			);
			path = FavoriteBooksUITests;
			sourceTree = "<group>";
		};
/* End PBXGroup section */

/* Begin PBXNativeTarget section */
		E9C973FA23466B8E00E08F43 /* FavoritePokemon */ = {
			isa = PBXNativeTarget;
			buildConfigurationList = E9C9742323466B8F00E08F43 /* Build configuration list for PBXNativeTarget "FavoritePokemon" */;
			buildPhases = (
				E9C973F723466B8E00E08F43 /* Sources */,
				E9C973F823466B8E00E08F43 /* Frameworks */,
				E9C973F923466B8E00E08F43 /* Resources */,
			);
			buildRules = (
			);
			dependencies = (
			);
			name = FavoritePokemon;
			productName = FavoriteBooks;
			productReference = E9C973FB23466B8E00E08F43 /* FavoritePokemon.app */;
			productType = "com.apple.product-type.application";
		};
		E9C9740E23466B8F00E08F43 /* FavoritePokemonTests */ = {
			isa = PBXNativeTarget;
			buildConfigurationList = E9C9742623466B8F00E08F43 /* Build configuration list for PBXNativeTarget "FavoritePokemonTests" */;
			buildPhases = (
				E9C9740B23466B8F00E08F43 /* Sources */,
				E9C9740C23466B8F00E08F43 /* Frameworks */,
				E9C9740D23466B8F00E08F43 /* Resources */,
			);
			buildRules = (
			);
			dependencies = (
				E9C9741123466B8F00E08F43 /* PBXTargetDependency */,
			);
			name = FavoritePokemonTests;
			productName = FavoriteBooksTests;
			productReference = E9C9740F23466B8F00E08F43 /* FavoritePokemonTests.xctest */;
			productType = "com.apple.product-type.bundle.unit-test";
		};
		E9C9741923466B8F00E08F43 /* FavoritePokemonUITests */ = {
			isa = PBXNativeTarget;
			buildConfigurationList = E9C9742923466B8F00E08F43 /* Build configuration list for PBXNativeTarget "FavoritePokemonUITests" */;
			buildPhases = (
				E9C9741623466B8F00E08F43 /* Sources */,
				E9C9741723466B8F00E08F43 /* Frameworks */,
				E9C9741823466B8F00E08F43 /* Resources */,
			);
			buildRules = (
			);
			dependencies = (
				E9C9741C23466B8F00E08F43 /* PBXTargetDependency */,
			);
			name = FavoritePokemonUITests;
			productName = FavoriteBooksUITests;
			productReference = E9C9741A23466B8F00E08F43 /* FavoritePokemonUITests.xctest */;
			productType = "com.apple.product-type.bundle.ui-testing";
		};
/* End PBXNativeTarget section */

/* Begin PBXProject section */
		E9C973F323466B8E00E08F43 /* Project object */ = {
			isa = PBXProject;
			attributes = {
				LastSwiftUpdateCheck = 1010;
				LastUpgradeCheck = 1010;
				ORGANIZATIONNAME = "Varun Narayanswamy LPC";
				TargetAttributes = {
					E9C973FA23466B8E00E08F43 = {
						CreatedOnToolsVersion = 10.1;
					};
					E9C9740E23466B8F00E08F43 = {
						CreatedOnToolsVersion = 10.1;
						TestTargetID = E9C973FA23466B8E00E08F43;
					};
					E9C9741923466B8F00E08F43 = {
						CreatedOnToolsVersion = 10.1;
						TestTargetID = E9C973FA23466B8E00E08F43;
					};
				};
			};
			buildConfigurationList = E9C973F623466B8E00E08F43 /* Build configuration list for PBXProject "FavoritePokemon" */;
			compatibilityVersion = "Xcode 9.3";
			developmentRegion = en;
			hasScannedForEncodings = 0;
			knownRegions = (
				en,
				Base,
			);
			mainGroup = E9C973F223466B8E00E08F43;
			productRefGroup = E9C973FC23466B8E00E08F43 /* Products */;
			projectDirPath = "";
			projectRoot = "";
			targets = (
				E9C973FA23466B8E00E08F43 /* FavoritePokemon */,
				E9C9740E23466B8F00E08F43 /* FavoritePokemonTests */,
				E9C9741923466B8F00E08F43 /* FavoritePokemonUITests */,
			);
		};
/* End PBXProject section */

/* Begin PBXResourcesBuildPhase section */
		E9C973F923466B8E00E08F43 /* Resources */ = {
			isa = PBXResourcesBuildPhase;
			buildActionMask = 2147483647;
			files = (
				E9C9740923466B8F00E08F43 /* LaunchScreen.storyboard in Resources */,
				E9C9740623466B8F00E08F43 /* Assets.xcassets in Resources */,
				E9C9740423466B8E00E08F43 /* Main.storyboard in Resources */,
			);
			runOnlyForDeploymentPostprocessing = 0;
		};
		E9C9740D23466B8F00E08F43 /* Resources */ = {
			isa = PBXResourcesBuildPhase;
			buildActionMask = 2147483647;
			files = (
			);
			runOnlyForDeploymentPostprocessing = 0;
		};
		E9C9741823466B8F00E08F43 /* Resources */ = {
			isa = PBXResourcesBuildPhase;
			buildActionMask = 2147483647;
			files = (
			);
			runOnlyForDeploymentPostprocessing = 0;
		};
/* End PBXResourcesBuildPhase section */

/* Begin PBXSourcesBuildPhase section */
		E9C973F723466B8E00E08F43 /* Sources */ = {
			isa = PBXSourcesBuildPhase;
			buildActionMask = 2147483647;
			files = (
				E9C9740123466B8E00E08F43 /* ViewController.swift in Sources */,
				E9C9742F2346754400E08F43 /* Favorite.swift in Sources */,
				E9C973FF23466B8E00E08F43 /* AppDelegate.swift in Sources */,
				E9C9742D23466DDC00E08F43 /* PokemonCatch.swift in Sources */,
			);
			runOnlyForDeploymentPostprocessing = 0;
		};
		E9C9740B23466B8F00E08F43 /* Sources */ = {
			isa = PBXSourcesBuildPhase;
			buildActionMask = 2147483647;
			files = (
				E9C9741423466B8F00E08F43 /* FavoriteBooksTests.swift in Sources */,
			);
			runOnlyForDeploymentPostprocessing = 0;
		};
		E9C9741623466B8F00E08F43 /* Sources */ = {
			isa = PBXSourcesBuildPhase;
			buildActionMask = 2147483647;
			files = (
				E9C9741F23466B8F00E08F43 /* FavoriteBooksUITests.swift in Sources */,
			);
			runOnlyForDeploymentPostprocessing = 0;
		};
/* End PBXSourcesBuildPhase section */

/* Begin PBXTargetDependency section */
		E9C9741123466B8F00E08F43 /* PBXTargetDependency */ = {
			isa = PBXTargetDependency;
			target = E9C973FA23466B8E00E08F43 /* FavoritePokemon */;
			targetProxy = E9C9741023466B8F00E08F43 /* PBXContainerItemProxy */;
		};
		E9C9741C23466B8F00E08F43 /* PBXTargetDependency */ = {
			isa = PBXTargetDependency;
			target = E9C973FA23466B8E00E08F43 /* FavoritePokemon */;
			targetProxy = E9C9741B23466B8F00E08F43 /* PBXContainerItemProxy */;
		};
/* End PBXTargetDependency section */

/* Begin PBXVariantGroup section */
		E9C9740223466B8E00E08F43 /* Main.storyboard */ = {
			isa = PBXVariantGroup;
			children = (
				E9C9740323466B8E00E08F43 /* Base */,
			);
			name = Main.storyboard;
			sourceTree = "<group>";
		};
		E9C9740723466B8F00E08F43 /* LaunchScreen.storyboard */ = {
			isa = PBXVariantGroup;
			children = (
				E9C9740823466B8F00E08F43 /* Base */,
			);
			name = LaunchScreen.storyboard;
			sourceTree = "<group>";
		};
/* End PBXVariantGroup section */

/* Begin XCBuildConfiguration section */
		E9C9742123466B8F00E08F43 /* Debug */ = {
			isa = XCBuildConfiguration;
			buildSettings = {
				ALWAYS_SEARCH_USER_PATHS = NO;
				CLANG_ANALYZER_NONNULL = YES;
				CLANG_ANALYZER_NUMBER_OBJECT_CONVERSION = YES_AGGRESSIVE;
				CLANG_CXX_LANGUAGE_STANDARD = "gnu++14";
				CLANG_CXX_LIBRARY = "libc++";
				CLANG_ENABLE_MODULES = YES;
				CLANG_ENABLE_OBJC_ARC = YES;
				CLANG_ENABLE_OBJC_WEAK = YES;
				CLANG_WARN_BLOCK_CAPTURE_AUTORELEASING = YES;
				CLANG_WARN_BOOL_CONVERSION = YES;
				CLANG_WARN_COMMA = YES;
				CLANG_WARN_CONSTANT_CONVERSION = YES;
				CLANG_WARN_DEPRECATED_OBJC_IMPLEMENTATIONS = YES;
				CLANG_WARN_DIRECT_OBJC_ISA_USAGE = YES_ERROR;
				CLANG_WARN_DOCUMENTATION_COMMENTS = YES;
				CLANG_WARN_EMPTY_BODY = YES;
				CLANG_WARN_ENUM_CONVERSION = YES;
				CLANG_WARN_INFINITE_RECURSION = YES;
				CLANG_WARN_INT_CONVERSION = YES;
				CLANG_WARN_NON_LITERAL_NULL_CONVERSION = YES;
				CLANG_WARN_OBJC_IMPLICIT_RETAIN_SELF = YES;
				CLANG_WARN_OBJC_LITERAL_CONVERSION = YES;
				CLANG_WARN_OBJC_ROOT_CLASS = YES_ERROR;
				CLANG_WARN_RANGE_LOOP_ANALYSIS = YES;
				CLANG_WARN_STRICT_PROTOTYPES = YES;
				CLANG_WARN_SUSPICIOUS_MOVE = YES;
				CLANG_WARN_UNGUARDED_AVAILABILITY = YES_AGGRESSIVE;
				CLANG_WARN_UNREACHABLE_CODE = YES;
				CLANG_WARN__DUPLICATE_METHOD_MATCH = YES;
				CODE_SIGN_IDENTITY = "iPhone Developer";
				COPY_PHASE_STRIP = NO;
				DEBUG_INFORMATION_FORMAT = dwarf;
				ENABLE_STRICT_OBJC_MSGSEND = YES;
				ENABLE_TESTABILITY = YES;
				GCC_C_LANGUAGE_STANDARD = gnu11;
				GCC_DYNAMIC_NO_PIC = NO;
				GCC_NO_COMMON_BLOCKS = YES;
				GCC_OPTIMIZATION_LEVEL = 0;
				GCC_PREPROCESSOR_DEFINITIONS = (
					"DEBUG=1",
					"$(inherited)",
				);
				GCC_WARN_64_TO_32_BIT_CONVERSION = YES;
				GCC_WARN_ABOUT_RETURN_TYPE = YES_ERROR;
				GCC_WARN_UNDECLARED_SELECTOR = YES;
				GCC_WARN_UNINITIALIZED_AUTOS = YES_AGGRESSIVE;
				GCC_WARN_UNUSED_FUNCTION = YES;
				GCC_WARN_UNUSED_VARIABLE = YES;
				IPHONEOS_DEPLOYMENT_TARGET = 12.1;
				MTL_ENABLE_DEBUG_INFO = INCLUDE_SOURCE;
				MTL_FAST_MATH = YES;
				ONLY_ACTIVE_ARCH = YES;
				SDKROOT = iphoneos;
				SWIFT_ACTIVE_COMPILATION_CONDITIONS = DEBUG;
				SWIFT_OPTIMIZATION_LEVEL = "-Onone";
			};
			name = Debug;
		};
		E9C9742223466B8F00E08F43 /* Release */ = {
			isa = XCBuildConfiguration;
			buildSettings = {
				ALWAYS_SEARCH_USER_PATHS = NO;
				CLANG_ANALYZER_NONNULL = YES;
				CLANG_ANALYZER_NUMBER_OBJECT_CONVERSION = YES_AGGRESSIVE;
				CLANG_CXX_LANGUAGE_STANDARD = "gnu++14";
				CLANG_CXX_LIBRARY = "libc++";
				CLANG_ENABLE_MODULES = YES;
				CLANG_ENABLE_OBJC_ARC = YES;
				CLANG_ENABLE_OBJC_WEAK = YES;
				CLANG_WARN_BLOCK_CAPTURE_AUTORELEASING = YES;
				CLANG_WARN_BOOL_CONVERSION = YES;
				CLANG_WARN_COMMA = YES;
				CLANG_WARN_CONSTANT_CONVERSION = YES;
				CLANG_WARN_DEPRECATED_OBJC_IMPLEMENTATIONS = YES;
				CLANG_WARN_DIRECT_OBJC_ISA_USAGE = YES_ERROR;
				CLANG_WARN_DOCUMENTATION_COMMENTS = YES;
				CLANG_WARN_EMPTY_BODY = YES;
				CLANG_WARN_ENUM_CONVERSION = YES;
				CLANG_WARN_INFINITE_RECURSION = YES;
				CLANG_WARN_INT_CONVERSION = YES;
				CLANG_WARN_NON_LITERAL_NULL_CONVERSION = YES;
				CLANG_WARN_OBJC_IMPLICIT_RETAIN_SELF = YES;
				CLANG_WARN_OBJC_LITERAL_CONVERSION = YES;
				CLANG_WARN_OBJC_ROOT_CLASS = YES_ERROR;
				CLANG_WARN_RANGE_LOOP_ANALYSIS = YES;
				CLANG_WARN_STRICT_PROTOTYPES = YES;
				CLANG_WARN_SUSPICIOUS_MOVE = YES;
				CLANG_WARN_UNGUARDED_AVAILABILITY = YES_AGGRESSIVE;
				CLANG_WARN_UNREACHABLE_CODE = YES;
				CLANG_WARN__DUPLICATE_METHOD_MATCH = YES;
				CODE_SIGN_IDENTITY = "iPhone Developer";
				COPY_PHASE_STRIP = NO;
				DEBUG_INFORMATION_FORMAT = "dwarf-with-dsym";
				ENABLE_NS_ASSERTIONS = NO;
				ENABLE_STRICT_OBJC_MSGSEND = YES;
				GCC_C_LANGUAGE_STANDARD = gnu11;
				GCC_NO_COMMON_BLOCKS = YES;
				GCC_WARN_64_TO_32_BIT_CONVERSION = YES;
				GCC_WARN_ABOUT_RETURN_TYPE = YES_ERROR;
				GCC_WARN_UNDECLARED_SELECTOR = YES;
				GCC_WARN_UNINITIALIZED_AUTOS = YES_AGGRESSIVE;
				GCC_WARN_UNUSED_FUNCTION = YES;
				GCC_WARN_UNUSED_VARIABLE = YES;
				IPHONEOS_DEPLOYMENT_TARGET = 12.1;
				MTL_ENABLE_DEBUG_INFO = NO;
				MTL_FAST_MATH = YES;
				SDKROOT = iphoneos;
				SWIFT_COMPILATION_MODE = wholemodule;
				SWIFT_OPTIMIZATION_LEVEL = "-O";
				VALIDATE_PRODUCT = YES;
			};
			name = Release;
		};
		E9C9742423466B8F00E08F43 /* Debug */ = {
			isa = XCBuildConfiguration;
			buildSettings = {
				ASSETCATALOG_COMPILER_APPICON_NAME = AppIcon;
				CODE_SIGN_STYLE = Automatic;
				DEVELOPMENT_TEAM = RF8WDUR5RE;
				INFOPLIST_FILE = FavoriteBooks/Info.plist;
				LD_RUNPATH_SEARCH_PATHS = (
					"$(inherited)",
					"@executable_path/Frameworks",
				);
				PRODUCT_BUNDLE_IDENTIFIER = Varun.FavoritePokemon;
				PRODUCT_NAME = "$(TARGET_NAME)";
				SWIFT_VERSION = 4.2;
				TARGETED_DEVICE_FAMILY = "1,2";
			};
			name = Debug;
		};
		E9C9742523466B8F00E08F43 /* Release */ = {
			isa = XCBuildConfiguration;
			buildSettings = {
				ASSETCATALOG_COMPILER_APPICON_NAME = AppIcon;
				CODE_SIGN_STYLE = Automatic;
				DEVELOPMENT_TEAM = RF8WDUR5RE;
				INFOPLIST_FILE = FavoriteBooks/Info.plist;
				LD_RUNPATH_SEARCH_PATHS = (
					"$(inherited)",
					"@executable_path/Frameworks",
				);
				PRODUCT_BUNDLE_IDENTIFIER = Varun.FavoritePokemon;
				PRODUCT_NAME = "$(TARGET_NAME)";
				SWIFT_VERSION = 4.2;
				TARGETED_DEVICE_FAMILY = "1,2";
			};
			name = Release;
		};
		E9C9742723466B8F00E08F43 /* Debug */ = {
			isa = XCBuildConfiguration;
			buildSettings = {
				ALWAYS_EMBED_SWIFT_STANDARD_LIBRARIES = YES;
				BUNDLE_LOADER = "$(TEST_HOST)";
				CODE_SIGN_STYLE = Automatic;
				DEVELOPMENT_TEAM = RF8WDUR5RE;
				INFOPLIST_FILE = FavoriteBooksTests/Info.plist;
				LD_RUNPATH_SEARCH_PATHS = (
					"$(inherited)",
					"@executable_path/Frameworks",
					"@loader_path/Frameworks",
				);
				PRODUCT_BUNDLE_IDENTIFIER = Varun.FavoriteBooksTests;
				PRODUCT_NAME = "$(TARGET_NAME)";
				SWIFT_VERSION = 4.2;
				TARGETED_DEVICE_FAMILY = "1,2";
				TEST_HOST = "$(BUILT_PRODUCTS_DIR)/FavoritePokemon.app/FavoritePokemon";
			};
			name = Debug;
		};
		E9C9742823466B8F00E08F43 /* Release */ = {
			isa = XCBuildConfiguration;
			buildSettings = {
				ALWAYS_EMBED_SWIFT_STANDARD_LIBRARIES = YES;
				BUNDLE_LOADER = "$(TEST_HOST)";
				CODE_SIGN_STYLE = Automatic;
				DEVELOPMENT_TEAM = RF8WDUR5RE;
				INFOPLIST_FILE = FavoriteBooksTests/Info.plist;
				LD_RUNPATH_SEARCH_PATHS = (
					"$(inherited)",
					"@executable_path/Frameworks",
					"@loader_path/Frameworks",
				);
				PRODUCT_BUNDLE_IDENTIFIER = Varun.FavoriteBooksTests;
				PRODUCT_NAME = "$(TARGET_NAME)";
				SWIFT_VERSION = 4.2;
				TARGETED_DEVICE_FAMILY = "1,2";
				TEST_HOST = "$(BUILT_PRODUCTS_DIR)/FavoritePokemon.app/FavoritePokemon";
			};
			name = Release;
		};
		E9C9742A23466B8F00E08F43 /* Debug */ = {
			isa = XCBuildConfiguration;
			buildSettings = {
				ALWAYS_EMBED_SWIFT_STANDARD_LIBRARIES = YES;
				CODE_SIGN_STYLE = Automatic;
				DEVELOPMENT_TEAM = RF8WDUR5RE;
				INFOPLIST_FILE = FavoriteBooksUITests/Info.plist;
				LD_RUNPATH_SEARCH_PATHS = (
					"$(inherited)",
					"@executable_path/Frameworks",
					"@loader_path/Frameworks",
				);
				PRODUCT_BUNDLE_IDENTIFIER = Varun.FavoriteBooksUITests;
				PRODUCT_NAME = "$(TARGET_NAME)";
				SWIFT_VERSION = 4.2;
				TARGETED_DEVICE_FAMILY = "1,2";
				TEST_TARGET_NAME = FavoriteBooks;
			};
			name = Debug;
		};
		E9C9742B23466B8F00E08F43 /* Release */ = {
			isa = XCBuildConfiguration;
			buildSettings = {
				ALWAYS_EMBED_SWIFT_STANDARD_LIBRARIES = YES;
				CODE_SIGN_STYLE = Automatic;
				DEVELOPMENT_TEAM = RF8WDUR5RE;
				INFOPLIST_FILE = FavoriteBooksUITests/Info.plist;
				LD_RUNPATH_SEARCH_PATHS = (
					"$(inherited)",
					"@executable_path/Frameworks",
					"@loader_path/Frameworks",
				);
				PRODUCT_BUNDLE_IDENTIFIER = Varun.FavoriteBooksUITests;
				PRODUCT_NAME = "$(TARGET_NAME)";
				SWIFT_VERSION = 4.2;
				TARGETED_DEVICE_FAMILY = "1,2";
				TEST_TARGET_NAME = FavoriteBooks;
			};
			name = Release;
		};
/* End XCBuildConfiguration section */

/* Begin XCConfigurationList section */
		E9C973F623466B8E00E08F43 /* Build configuration list for PBXProject "FavoritePokemon" */ = {
			isa = XCConfigurationList;
			buildConfigurations = (
				E9C9742123466B8F00E08F43 /* Debug */,
				E9C9742223466B8F00E08F43 /* Release */,
			);
			defaultConfigurationIsVisible = 0;
			defaultConfigurationName = Release;
		};
		E9C9742323466B8F00E08F43 /* Build configuration list for PBXNativeTarget "FavoritePokemon" */ = {
			isa = XCConfigurationList;
			buildConfigurations = (
				E9C9742423466B8F00E08F43 /* Debug */,
				E9C9742523466B8F00E08F43 /* Release */,
			);
			defaultConfigurationIsVisible = 0;
			defaultConfigurationName = Release;
		};
		E9C9742623466B8F00E08F43 /* Build configuration list for PBXNativeTarget "FavoritePokemonTests" */ = {
			isa = XCConfigurationList;
			buildConfigurations = (
				E9C9742723466B8F00E08F43 /* Debug */,
				E9C9742823466B8F00E08F43 /* Release */,
			);
			defaultConfigurationIsVisible = 0;
			defaultConfigurationName = Release;
		};
		E9C9742923466B8F00E08F43 /* Build configuration list for PBXNativeTarget "FavoritePokemonUITests" */ = {
			isa = XCConfigurationList;
			buildConfigurations = (
				E9C9742A23466B8F00E08F43 /* Debug */,
				E9C9742B23466B8F00E08F43 /* Release */,
			);
			defaultConfigurationIsVisible = 0;
			defaultConfigurationName = Release;
		};
/* End XCConfigurationList section */
	};
	rootObject = E9C973F323466B8E00E08F43 /* Project object */;
}
